
Microsoft Visual Studio Solution File, Format Version 12.00
# Visual Studio 15
VisualStudioVersion = 15.0.27130.2027
MinimumVisualStudioVersion = 10.0.40219.1
Project("{FAE04EC0-301F-11D3-BF4B-00C04F79EFBC}") = "Pares", "Pares\Pares.csproj", "{76AD0896-3427-4271-9A8D-C33D7514B148}"
EndProject
Global
	GlobalSection(SolutionConfigurationPlatforms) = preSolution
		Debug|Any CPU = Debug|Any CPU
		Release|Any CPU = Release|Any CPU
	EndGlobalSection
	GlobalSection(ProjectConfigurationPlatforms) = postSolution
		{76AD0896-3427-4271-9A8D-C33D7514B148}.Debug|Any CPU.ActiveCfg = Debug|Any CPU
		{76AD0896-3427-4271-9A8D-C33D7514B148}.Debug|Any CPU.Build.0 = Debug|Any CPU
		{76AD0896-3427-4271-9A8D-C33D7514B148}.Release|Any CPU.ActiveCfg = Release|Any CPU
		{76AD0896-3427-4271-9A8D-C33D7514B148}.Release|Any CPU.Build.0 = Release|Any CPU
	EndGlobalSection
	GlobalSection(SolutionProperties) = preSolution
		HideSolutionNode = FALSE
	EndGlobalSection
	GlobalSection(ExtensibilityGlobals) = postSolution
		SolutionGuid = {C4D44D0B-7F49-4C9F-BE53-B5C988C8B9D7}
	EndGlobalSection
EndGlobal
